# This file is automatically @generated by Cargo.
# It is not intended for manual editing.
version = 4

[[package]]
name = "ai-service"
version = "0.1.0"
dependencies = [
 "httpmini",
]

[[package]]
name = "crypto-service"
version = "0.1.0"
dependencies = [
 "httpmini",
]

[[package]]
name = "httpmini"
version = "0.1.0"

[[package]]
name = "media-service"
version = "0.1.0"
dependencies = [
 "httpmini",
]
